
Microsoft Visual Studio Solution File, Format Version 12.00
Project("{FAE04EC0-301F-11D3-BF4B-00C04F79EFBC}") = "CUI.Console", "CUI.Console\CUI.Console.csproj", "{E92F9DAC-2B0A-46DC-8297-C3ACFA2E7B15}"
EndProject
Project("{FAE04EC0-301F-11D3-BF4B-00C04F79EFBC}") = "CUI.Common", "CUI.Common\CUI.Common.csproj", "{93278580-121F-467B-8336-BEA7BE150332}"
EndProject
Global
	GlobalSection(SolutionConfigurationPlatforms) = preSolution
		Debug|Any CPU = Debug|Any CPU
		Release|Any CPU = Release|Any CPU
	EndGlobalSection
	GlobalSection(ProjectConfigurationPlatforms) = postSolution
		{E92F9DAC-2B0A-46DC-8297-C3ACFA2E7B15}.Debug|Any CPU.ActiveCfg = Debug|Any CPU
		{E92F9DAC-2B0A-46DC-8297-C3ACFA2E7B15}.Debug|Any CPU.Build.0 = Debug|Any CPU
		{E92F9DAC-2B0A-46DC-8297-C3ACFA2E7B15}.Release|Any CPU.ActiveCfg = Release|Any CPU
		{E92F9DAC-2B0A-46DC-8297-C3ACFA2E7B15}.Release|Any CPU.Build.0 = Release|Any CPU
		{93278580-121F-467B-8336-BEA7BE150332}.Debug|Any CPU.ActiveCfg = Debug|Any CPU
		{93278580-121F-467B-8336-BEA7BE150332}.Debug|Any CPU.Build.0 = Debug|Any CPU
		{93278580-121F-467B-8336-BEA7BE150332}.Release|Any CPU.ActiveCfg = Release|Any CPU
		{93278580-121F-467B-8336-BEA7BE150332}.Release|Any CPU.Build.0 = Release|Any CPU
	EndGlobalSection
EndGlobal
